// !$*UTF8*$!
{
	archiveVersion = 1;
	classes = {
	};
	objectVersion = 56;
	objects = {

/* Begin PBXBuildFile section */
		4F36E1F22B6768A4007E8BF5 /* AppDelegate.swift in Sources */ = {isa = PBXBuildFile; fileRef = 4F36E1F12B6768A4007E8BF5 /* AppDelegate.swift */; };
		4F36E1F42B6768A4007E8BF5 /* SceneDelegate.swift in Sources */ = {isa = PBXBuildFile; fileRef = 4F36E1F32B6768A4007E8BF5 /* SceneDelegate.swift */; };
		4F36E1F62B6768A4007E8BF5 /* ViewController.swift in Sources */ = {isa = PBXBuildFile; fileRef = 4F36E1F52B6768A4007E8BF5 /* ViewController.swift */; };
		4F36E1F92B6768A4007E8BF5 /* Main.storyboard in Resources */ = {isa = PBXBuildFile; fileRef = 4F36E1F72B6768A4007E8BF5 /* Main.storyboard */; };
		4F36E1FB2B6768A5007E8BF5 /* Assets.xcassets in Resources */ = {isa = PBXBuildFile; fileRef = 4F36E1FA2B6768A5007E8BF5 /* Assets.xcassets */; };
		4F36E1FE2B6768A5007E8BF5 /* LaunchScreen.storyboard in Resources */ = {isa = PBXBuildFile; fileRef = 4F36E1FC2B6768A5007E8BF5 /* LaunchScreen.storyboard */; };
		4F36E2092B6768A5007E8BF5 /* Dice_iOS13Tests.swift in Sources */ = {isa = PBXBuildFile; fileRef = 4F36E2082B6768A5007E8BF5 /* Dice_iOS13Tests.swift */; };
		4F36E2132B6768A5007E8BF5 /* Dice_iOS13UITests.swift in Sources */ = {isa = PBXBuildFile; fileRef = 4F36E2122B6768A5007E8BF5 /* Dice_iOS13UITests.swift */; };
		4F36E2152B6768A5007E8BF5 /* Dice_iOS13UITestsLaunchTests.swift in Sources */ = {isa = PBXBuildFile; fileRef = 4F36E2142B6768A5007E8BF5 /* Dice_iOS13UITestsLaunchTests.swift */; };
/* End PBXBuildFile section */

/* Begin PBXContainerItemProxy section */
		4F36E2052B6768A5007E8BF5 /* PBXContainerItemProxy */ = {
			isa = PBXContainerItemProxy;
			containerPortal = 4F36E1E62B6768A4007E8BF5 /* Project object */;
			proxyType = 1;
			remoteGlobalIDString = 4F36E1ED2B6768A4007E8BF5;
			remoteInfo = "Dice-iOS13";
		};
		4F36E20F2B6768A5007E8BF5 /* PBXContainerItemProxy */ = {
			isa = PBXContainerItemProxy;
			containerPortal = 4F36E1E62B6768A4007E8BF5 /* Project object */;
			proxyType = 1;
			remoteGlobalIDString = 4F36E1ED2B6768A4007E8BF5;
			remoteInfo = "Dice-iOS13";
		};
/* End PBXContainerItemProxy section */

/* Begin PBXFileReference section */
		4F36E1EE2B6768A4007E8BF5 /* Dice-iOS13.app */ = {isa = PBXFileReference; explicitFileType = wrapper.application; includeInIndex = 0; path = "Dice-iOS13.app"; sourceTree = BUILT_PRODUCTS_DIR; };
		4F36E1F12B6768A4007E8BF5 /* AppDelegate.swift */ = {isa = PBXFileReference; lastKnownFileType = sourcecode.swift; path = AppDelegate.swift; sourceTree = "<group>"; };
		4F36E1F32B6768A4007E8BF5 /* SceneDelegate.swift */ = {isa = PBXFileReference; lastKnownFileType = sourcecode.swift; path = SceneDelegate.swift; sourceTree = "<group>"; };
		4F36E1F52B6768A4007E8BF5 /* ViewController.swift */ = {isa = PBXFileReference; lastKnownFileType = sourcecode.swift; path = ViewController.swift; sourceTree = "<group>"; };
		4F36E1F82B6768A4007E8BF5 /* Base */ = {isa = PBXFileReference; lastKnownFileType = file.storyboard; name = Base; path = Base.lproj/Main.storyboard; sourceTree = "<group>"; };
		4F36E1FA2B6768A5007E8BF5 /* Assets.xcassets */ = {isa = PBXFileReference; lastKnownFileType = folder.assetcatalog; path = Assets.xcassets; sourceTree = "<group>"; };
		4F36E1FD2B6768A5007E8BF5 /* Base */ = {isa = PBXFileReference; lastKnownFileType = file.storyboard; name = Base; path = Base.lproj/LaunchScreen.storyboard; sourceTree = "<group>"; };
		4F36E1FF2B6768A5007E8BF5 /* Info.plist */ = {isa = PBXFileReference; lastKnownFileType = text.plist.xml; path = Info.plist; sourceTree = "<group>"; };
		4F36E2042B6768A5007E8BF5 /* Dice-iOS13Tests.xctest */ = {isa = PBXFileReference; explicitFileType = wrapper.cfbundle; includeInIndex = 0; path = "Dice-iOS13Tests.xctest"; sourceTree = BUILT_PRODUCTS_DIR; };
		4F36E2082B6768A5007E8BF5 /* Dice_iOS13Tests.swift */ = {isa = PBXFileReference; lastKnownFileType = sourcecode.swift; path = Dice_iOS13Tests.swift; sourceTree = "<group>"; };
		4F36E20E2B6768A5007E8BF5 /* Dice-iOS13UITests.xctest */ = {isa = PBXFileReference; explicitFileType = wrapper.cfbundle; includeInIndex = 0; path = "Dice-iOS13UITests.xctest"; sourceTree = BUILT_PRODUCTS_DIR; };
		4F36E2122B6768A5007E8BF5 /* Dice_iOS13UITests.swift */ = {isa = PBXFileReference; lastKnownFileType = sourcecode.swift; path = Dice_iOS13UITests.swift; sourceTree = "<group>"; };
		4F36E2142B6768A5007E8BF5 /* Dice_iOS13UITestsLaunchTests.swift */ = {isa = PBXFileReference; lastKnownFileType = sourcecode.swift; path = Dice_iOS13UITestsLaunchTests.swift; sourceTree = "<group>"; };
/* End PBXFileReference section */

/* Begin PBXFrameworksBuildPhase section */
		4F36E1EB2B6768A4007E8BF5 /* Frameworks */ = {
			isa = PBXFrameworksBuildPhase;
			buildActionMask = 2147483647;
			files = (
			);
			runOnlyForDeploymentPostprocessing = 0;
		};
		4F36E2012B6768A5007E8BF5 /* Frameworks */ = {
			isa = PBXFrameworksBuildPhase;
			buildActionMask = 2147483647;
			files = (
			);
			runOnlyForDeploymentPostprocessing = 0;
		};
		4F36E20B2B6768A5007E8BF5 /* Frameworks */ = {
			isa = PBXFrameworksBuildPhase;
			buildActionMask = 2147483647;
			files = (
			);
			runOnlyForDeploymentPostprocessing = 0;
		};
/* End PBXFrameworksBuildPhase section */

/* Begin PBXGroup section */
		4F36E1E52B6768A4007E8BF5 = {
			isa = PBXGroup;
			children = (
				4F36E1F02B6768A4007E8BF5 /* Dice-iOS13 */,
				4F36E2072B6768A5007E8BF5 /* Dice-iOS13Tests */,
				4F36E2112B6768A5007E8BF5 /* Dice-iOS13UITests */,
				4F36E1EF2B6768A4007E8BF5 /* Products */,
			);
			sourceTree = "<group>";
		};
		4F36E1EF2B6768A4007E8BF5 /* Products */ = {
			isa = PBXGroup;
			children = (
				4F36E1EE2B6768A4007E8BF5 /* Dice-iOS13.app */,
				4F36E2042B6768A5007E8BF5 /* Dice-iOS13Tests.xctest */,
				4F36E20E2B6768A5007E8BF5 /* Dice-iOS13UITests.xctest */,
			);
			name = Products;
			sourceTree = "<group>";
		};
		4F36E1F02B6768A4007E8BF5 /* Dice-iOS13 */ = {
			isa = PBXGroup;
			children = (
				4F36E1F12B6768A4007E8BF5 /* AppDelegate.swift */,
				4F36E1F32B6768A4007E8BF5 /* SceneDelegate.swift */,
				4F36E1F52B6768A4007E8BF5 /* ViewController.swift */,
				4F36E1F72B6768A4007E8BF5 /* Main.storyboard */,
				4F36E1FA2B6768A5007E8BF5 /* Assets.xcassets */,
				4F36E1FC2B6768A5007E8BF5 /* LaunchScreen.storyboard */,
				4F36E1FF2B6768A5007E8BF5 /* Info.plist */,
			);
			path = "Dice-iOS13";
			sourceTree = "<group>";
		};
		4F36E2072B6768A5007E8BF5 /* Dice-iOS13Tests */ = {
			isa = PBXGroup;
			children = (
				4F36E2082B6768A5007E8BF5 /* Dice_iOS13Tests.swift */,
			);
			path = "Dice-iOS13Tests";
			sourceTree = "<group>";
		};
		4F36E2112B6768A5007E8BF5 /* Dice-iOS13UITests */ = {
			isa = PBXGroup;
			children = (
				4F36E2122B6768A5007E8BF5 /* Dice_iOS13UITests.swift */,
				4F36E2142B6768A5007E8BF5 /* Dice_iOS13UITestsLaunchTests.swift */,
			);
			path = "Dice-iOS13UITests";
			sourceTree = "<group>";
		};
/* End PBXGroup section */

/* Begin PBXNativeTarget section */
		4F36E1ED2B6768A4007E8BF5 /* Dice-iOS13 */ = {
			isa = PBXNativeTarget;
			buildConfigurationList = 4F36E2182B6768A5007E8BF5 /* Build configuration list for PBXNativeTarget "Dice-iOS13" */;
			buildPhases = (
				4F36E1EA2B6768A4007E8BF5 /* Sources */,
				4F36E1EB2B6768A4007E8BF5 /* Frameworks */,
				4F36E1EC2B6768A4007E8BF5 /* Resources */,
			);
			buildRules = (
			);
			dependencies = (
			);
			name = "Dice-iOS13";
			productName = "Dice-iOS13";
			productReference = 4F36E1EE2B6768A4007E8BF5 /* Dice-iOS13.app */;
			productType = "com.apple.product-type.application";
		};
		4F36E2032B6768A5007E8BF5 /* Dice-iOS13Tests */ = {
			isa = PBXNativeTarget;
			buildConfigurationList = 4F36E21B2B6768A5007E8BF5 /* Build configuration list for PBXNativeTarget "Dice-iOS13Tests" */;
			buildPhases = (
				4F36E2002B6768A5007E8BF5 /* Sources */,
				4F36E2012B6768A5007E8BF5 /* Frameworks */,
				4F36E2022B6768A5007E8BF5 /* Resources */,
			);
			buildRules = (
			);
			dependencies = (
				4F36E2062B6768A5007E8BF5 /* PBXTargetDependency */,
			);
			name = "Dice-iOS13Tests";
			productName = "Dice-iOS13Tests";
			productReference = 4F36E2042B6768A5007E8BF5 /* Dice-iOS13Tests.xctest */;
			productType = "com.apple.product-type.bundle.unit-test";
		};
		4F36E20D2B6768A5007E8BF5 /* Dice-iOS13UITests */ = {
			isa = PBXNativeTarget;
			buildConfigurationList = 4F36E21E2B6768A5007E8BF5 /* Build configuration list for PBXNativeTarget "Dice-iOS13UITests" */;
			buildPhases = (
				4F36E20A2B6768A5007E8BF5 /* Sources */,
				4F36E20B2B6768A5007E8BF5 /* Frameworks */,
				4F36E20C2B6768A5007E8BF5 /* Resources */,
			);
			buildRules = (
			);
			dependencies = (
				4F36E2102B6768A5007E8BF5 /* PBXTargetDependency */,
			);
			name = "Dice-iOS13UITests";
			productName = "Dice-iOS13UITests";
			productReference = 4F36E20E2B6768A5007E8BF5 /* Dice-iOS13UITests.xctest */;
			productType = "com.apple.product-type.bundle.ui-testing";
		};
/* End PBXNativeTarget section */

/* Begin PBXProject section */
		4F36E1E62B6768A4007E8BF5 /* Project object */ = {
			isa = PBXProject;
			attributes = {
				BuildIndependentTargetsInParallel = 1;
				LastSwiftUpdateCheck = 1410;
				LastUpgradeCheck = 1410;
				TargetAttributes = {
					4F36E1ED2B6768A4007E8BF5 = {
						CreatedOnToolsVersion = 14.1;
					};
					4F36E2032B6768A5007E8BF5 = {
						CreatedOnToolsVersion = 14.1;
						TestTargetID = 4F36E1ED2B6768A4007E8BF5;
					};
					4F36E20D2B6768A5007E8BF5 = {
						CreatedOnToolsVersion = 14.1;
						TestTargetID = 4F36E1ED2B6768A4007E8BF5;
					};
				};
			};
			buildConfigurationList = 4F36E1E92B6768A4007E8BF5 /* Build configuration list for PBXProject "Dice-iOS13" */;
			compatibilityVersion = "Xcode 14.0";
			developmentRegion = en;
			hasScannedForEncodings = 0;
			knownRegions = (
				en,
				Base,
			);
			mainGroup = 4F36E1E52B6768A4007E8BF5;
			productRefGroup = 4F36E1EF2B6768A4007E8BF5 /* Products */;
			projectDirPath = "";
			projectRoot = "";
			targets = (
				4F36E1ED2B6768A4007E8BF5 /* Dice-iOS13 */,
				4F36E2032B6768A5007E8BF5 /* Dice-iOS13Tests */,
				4F36E20D2B6768A5007E8BF5 /* Dice-iOS13UITests */,
			);
		};
/* End PBXProject section */

/* Begin PBXResourcesBuildPhase section */
		4F36E1EC2B6768A4007E8BF5 /* Resources */ = {
			isa = PBXResourcesBuildPhase;
			buildActionMask = 2147483647;
			files = (
				4F36E1FE2B6768A5007E8BF5 /* LaunchScreen.storyboard in Resources */,
				4F36E1FB2B6768A5007E8BF5 /* Assets.xcassets in Resources */,
				4F36E1F92B6768A4007E8BF5 /* Main.storyboard in Resources */,
			);
			runOnlyForDeploymentPostprocessing = 0;
		};
		4F36E2022B6768A5007E8BF5 /* Resources */ = {
			isa = PBXResourcesBuildPhase;
			buildActionMask = 2147483647;
			files = (
			);
			runOnlyForDeploymentPostprocessing = 0;
		};
		4F36E20C2B6768A5007E8BF5 /* Resources */ = {
			isa = PBXResourcesBuildPhase;
			buildActionMask = 2147483647;
			files = (
			);
			runOnlyForDeploymentPostprocessing = 0;
		};
/* End PBXResourcesBuildPhase section */

/* Begin PBXSourcesBuildPhase section */
		4F36E1EA2B6768A4007E8BF5 /* Sources */ = {
			isa = PBXSourcesBuildPhase;
			buildActionMask = 2147483647;
			files = (
				4F36E1F62B6768A4007E8BF5 /* ViewController.swift in Sources */,
				4F36E1F22B6768A4007E8BF5 /* AppDelegate.swift in Sources */,
				4F36E1F42B6768A4007E8BF5 /* SceneDelegate.swift in Sources */,
			);
			runOnlyForDeploymentPostprocessing = 0;
		};
		4F36E2002B6768A5007E8BF5 /* Sources */ = {
			isa = PBXSourcesBuildPhase;
			buildActionMask = 2147483647;
			files = (
				4F36E2092B6768A5007E8BF5 /* Dice_iOS13Tests.swift in Sources */,
			);
			runOnlyForDeploymentPostprocessing = 0;
		};
		4F36E20A2B6768A5007E8BF5 /* Sources */ = {
			isa = PBXSourcesBuildPhase;
			buildActionMask = 2147483647;
			files = (
				4F36E2132B6768A5007E8BF5 /* Dice_iOS13UITests.swift in Sources */,
				4F36E2152B6768A5007E8BF5 /* Dice_iOS13UITestsLaunchTests.swift in Sources */,
			);
			runOnlyForDeploymentPostprocessing = 0;
		};
/* End PBXSourcesBuildPhase section */

/* Begin PBXTargetDependency section */
		4F36E2062B6768A5007E8BF5 /* PBXTargetDependency */ = {
			isa = PBXTargetDependency;
			target = 4F36E1ED2B6768A4007E8BF5 /* Dice-iOS13 */;
			targetProxy = 4F36E2052B6768A5007E8BF5 /* PBXContainerItemProxy */;
		};
		4F36E2102B6768A5007E8BF5 /* PBXTargetDependency */ = {
			isa = PBXTargetDependency;
			target = 4F36E1ED2B6768A4007E8BF5 /* Dice-iOS13 */;
			targetProxy = 4F36E20F2B6768A5007E8BF5 /* PBXContainerItemProxy */;
		};
/* End PBXTargetDependency section */

/* Begin PBXVariantGroup section */
		4F36E1F72B6768A4007E8BF5 /* Main.storyboard */ = {
			isa = PBXVariantGroup;
			children = (
				4F36E1F82B6768A4007E8BF5 /* Base */,
			);
			name = Main.storyboard;
			sourceTree = "<group>";
		};
		4F36E1FC2B6768A5007E8BF5 /* LaunchScreen.storyboard */ = {
			isa = PBXVariantGroup;
			children = (
				4F36E1FD2B6768A5007E8BF5 /* Base */,
			);
			name = LaunchScreen.storyboard;
			sourceTree = "<group>";
		};
/* End PBXVariantGroup section */

/* Begin XCBuildConfiguration section */
		4F36E2162B6768A5007E8BF5 /* Debug */ = {
			isa = XCBuildConfiguration;
			buildSettings = {
				ALWAYS_SEARCH_USER_PATHS = NO;
				CLANG_ANALYZER_NONNULL = YES;
				CLANG_ANALYZER_NUMBER_OBJECT_CONVERSION = YES_AGGRESSIVE;
				CLANG_CXX_LANGUAGE_STANDARD = "gnu++20";
				CLANG_ENABLE_MODULES = YES;
				CLANG_ENABLE_OBJC_ARC = YES;
				CLANG_ENABLE_OBJC_WEAK = YES;
				CLANG_WARN_BLOCK_CAPTURE_AUTORELEASING = YES;
				CLANG_WARN_BOOL_CONVERSION = YES;
				CLANG_WARN_COMMA = YES;
				CLANG_WARN_CONSTANT_CONVERSION = YES;
				CLANG_WARN_DEPRECATED_OBJC_IMPLEMENTATIONS = YES;
				CLANG_WARN_DIRECT_OBJC_ISA_USAGE = YES_ERROR;
				CLANG_WARN_DOCUMENTATION_COMMENTS = YES;
				CLANG_WARN_EMPTY_BODY = YES;
				CLANG_WARN_ENUM_CONVERSION = YES;
				CLANG_WARN_INFINITE_RECURSION = YES;
				CLANG_WARN_INT_CONVERSION = YES;
				CLANG_WARN_NON_LITERAL_NULL_CONVERSION = YES;
				CLANG_WARN_OBJC_IMPLICIT_RETAIN_SELF = YES;
				CLANG_WARN_OBJC_LITERAL_CONVERSION = YES;
				CLANG_WARN_OBJC_ROOT_CLASS = YES_ERROR;
				CLANG_WARN_QUOTED_INCLUDE_IN_FRAMEWORK_HEADER = YES;
				CLANG_WARN_RANGE_LOOP_ANALYSIS = YES;
				CLANG_WARN_STRICT_PROTOTYPES = YES;
				CLANG_WARN_SUSPICIOUS_MOVE = YES;
				CLANG_WARN_UNGUARDED_AVAILABILITY = YES_AGGRESSIVE;
				CLANG_WARN_UNREACHABLE_CODE = YES;
				CLANG_WARN__DUPLICATE_METHOD_MATCH = YES;
				COPY_PHASE_STRIP = NO;
				DEBUG_INFORMATION_FORMAT = dwarf;
				ENABLE_STRICT_OBJC_MSGSEND = YES;
				ENABLE_TESTABILITY = YES;
				GCC_C_LANGUAGE_STANDARD = gnu11;
				GCC_DYNAMIC_NO_PIC = NO;
				GCC_NO_COMMON_BLOCKS = YES;
				GCC_OPTIMIZATION_LEVEL = 0;
				GCC_PREPROCESSOR_DEFINITIONS = (
					"DEBUG=1",
					"$(inherited)",
				);
				GCC_WARN_64_TO_32_BIT_CONVERSION = YES;
				GCC_WARN_ABOUT_RETURN_TYPE = YES_ERROR;
				GCC_WARN_UNDECLARED_SELECTOR = YES;
				GCC_WARN_UNINITIALIZED_AUTOS = YES_AGGRESSIVE;
				GCC_WARN_UNUSED_FUNCTION = YES;
				GCC_WARN_UNUSED_VARIABLE = YES;
				IPHONEOS_DEPLOYMENT_TARGET = 16.1;
				MTL_ENABLE_DEBUG_INFO = INCLUDE_SOURCE;
				MTL_FAST_MATH = YES;
				ONLY_ACTIVE_ARCH = YES;
				SDKROOT = iphoneos;
				SWIFT_ACTIVE_COMPILATION_CONDITIONS = DEBUG;
				SWIFT_OPTIMIZATION_LEVEL = "-Onone";
			};
			name = Debug;
		};
		4F36E2172B6768A5007E8BF5 /* Release */ = {
			isa = XCBuildConfiguration;
			buildSettings = {
				ALWAYS_SEARCH_USER_PATHS = NO;
				CLANG_ANALYZER_NONNULL = YES;
				CLANG_ANALYZER_NUMBER_OBJECT_CONVERSION = YES_AGGRESSIVE;
				CLANG_CXX_LANGUAGE_STANDARD = "gnu++20";
				CLANG_ENABLE_MODULES = YES;
				CLANG_ENABLE_OBJC_ARC = YES;
				CLANG_ENABLE_OBJC_WEAK = YES;
				CLANG_WARN_BLOCK_CAPTURE_AUTORELEASING = YES;
				CLANG_WARN_BOOL_CONVERSION = YES;
				CLANG_WARN_COMMA = YES;
				CLANG_WARN_CONSTANT_CONVERSION = YES;
				CLANG_WARN_DEPRECATED_OBJC_IMPLEMENTATIONS = YES;
				CLANG_WARN_DIRECT_OBJC_ISA_USAGE = YES_ERROR;
				CLANG_WARN_DOCUMENTATION_COMMENTS = YES;
				CLANG_WARN_EMPTY_BODY = YES;
				CLANG_WARN_ENUM_CONVERSION = YES;
				CLANG_WARN_INFINITE_RECURSION = YES;
				CLANG_WARN_INT_CONVERSION = YES;
				CLANG_WARN_NON_LITERAL_NULL_CONVERSION = YES;
				CLANG_WARN_OBJC_IMPLICIT_RETAIN_SELF = YES;
				CLANG_WARN_OBJC_LITERAL_CONVERSION = YES;
				CLANG_WARN_OBJC_ROOT_CLASS = YES_ERROR;
				CLANG_WARN_QUOTED_INCLUDE_IN_FRAMEWORK_HEADER = YES;
				CLANG_WARN_RANGE_LOOP_ANALYSIS = YES;
				CLANG_WARN_STRICT_PROTOTYPES = YES;
				CLANG_WARN_SUSPICIOUS_MOVE = YES;
				CLANG_WARN_UNGUARDED_AVAILABILITY = YES_AGGRESSIVE;
				CLANG_WARN_UNREACHABLE_CODE = YES;
				CLANG_WARN__DUPLICATE_METHOD_MATCH = YES;
				COPY_PHASE_STRIP = NO;
				DEBUG_INFORMATION_FORMAT = "dwarf-with-dsym";
				ENABLE_NS_ASSERTIONS = NO;
				ENABLE_STRICT_OBJC_MSGSEND = YES;
				GCC_C_LANGUAGE_STANDARD = gnu11;
				GCC_NO_COMMON_BLOCKS = YES;
				GCC_WARN_64_TO_32_BIT_CONVERSION = YES;
				GCC_WARN_ABOUT_RETURN_TYPE = YES_ERROR;
				GCC_WARN_UNDECLARED_SELECTOR = YES;
				GCC_WARN_UNINITIALIZED_AUTOS = YES_AGGRESSIVE;
				GCC_WARN_UNUSED_FUNCTION = YES;
				GCC_WARN_UNUSED_VARIABLE = YES;
				IPHONEOS_DEPLOYMENT_TARGET = 16.1;
				MTL_ENABLE_DEBUG_INFO = NO;
				MTL_FAST_MATH = YES;
				SDKROOT = iphoneos;
				SWIFT_COMPILATION_MODE = wholemodule;
				SWIFT_OPTIMIZATION_LEVEL = "-O";
				VALIDATE_PRODUCT = YES;
			};
			name = Release;
		};
		4F36E2192B6768A5007E8BF5 /* Debug */ = {
			isa = XCBuildConfiguration;
			buildSettings = {
				ASSETCATALOG_COMPILER_APPICON_NAME = AppIcon;
				ASSETCATALOG_COMPILER_GLOBAL_ACCENT_COLOR_NAME = AccentColor;
				CODE_SIGN_STYLE = Automatic;
				CURRENT_PROJECT_VERSION = 1;
				DEVELOPMENT_TEAM = 2T6UBFU4GQ;
				GENERATE_INFOPLIST_FILE = YES;
				INFOPLIST_FILE = "Dice-iOS13/Info.plist";
				INFOPLIST_KEY_UIApplicationSupportsIndirectInputEvents = YES;
				INFOPLIST_KEY_UILaunchStoryboardName = LaunchScreen;
				INFOPLIST_KEY_UIMainStoryboardFile = Main;
				INFOPLIST_KEY_UISupportedInterfaceOrientations_iPad = "UIInterfaceOrientationPortrait UIInterfaceOrientationPortraitUpsideDown UIInterfaceOrientationLandscapeLeft UIInterfaceOrientationLandscapeRight";
				INFOPLIST_KEY_UISupportedInterfaceOrientations_iPhone = "UIInterfaceOrientationPortrait UIInterfaceOrientationLandscapeLeft UIInterfaceOrientationLandscapeRight";
				LD_RUNPATH_SEARCH_PATHS = (
					"$(inherited)",
					"@executable_path/Frameworks",
				);
				MARKETING_VERSION = 1.0;
				PRODUCT_BUNDLE_IDENTIFIER = "com.cjayme.Dice-iOS13";
				PRODUCT_NAME = "$(TARGET_NAME)";
				SWIFT_EMIT_LOC_STRINGS = YES;
				SWIFT_VERSION = 5.0;
				TARGETED_DEVICE_FAMILY = "1,2";
			};
			name = Debug;
		};
		4F36E21A2B6768A5007E8BF5 /* Release */ = {
			isa = XCBuildConfiguration;
			buildSettings = {
				ASSETCATALOG_COMPILER_APPICON_NAME = AppIcon;
				ASSETCATALOG_COMPILER_GLOBAL_ACCENT_COLOR_NAME = AccentColor;
				CODE_SIGN_STYLE = Automatic;
				CURRENT_PROJECT_VERSION = 1;
				DEVELOPMENT_TEAM = 2T6UBFU4GQ;
				GENERATE_INFOPLIST_FILE = YES;
				INFOPLIST_FILE = "Dice-iOS13/Info.plist";
				INFOPLIST_KEY_UIApplicationSupportsIndirectInputEvents = YES;
				INFOPLIST_KEY_UILaunchStoryboardName = LaunchScreen;
				INFOPLIST_KEY_UIMainStoryboardFile = Main;
				INFOPLIST_KEY_UISupportedInterfaceOrientations_iPad = "UIInterfaceOrientationPortrait UIInterfaceOrientationPortraitUpsideDown UIInterfaceOrientationLandscapeLeft UIInterfaceOrientationLandscapeRight";
				INFOPLIST_KEY_UISupportedInterfaceOrientations_iPhone = "UIInterfaceOrientationPortrait UIInterfaceOrientationLandscapeLeft UIInterfaceOrientationLandscapeRight";
				LD_RUNPATH_SEARCH_PATHS = (
					"$(inherited)",
					"@executable_path/Frameworks",
				);
				MARKETING_VERSION = 1.0;
				PRODUCT_BUNDLE_IDENTIFIER = "com.cjayme.Dice-iOS13";
				PRODUCT_NAME = "$(TARGET_NAME)";
				SWIFT_EMIT_LOC_STRINGS = YES;
				SWIFT_VERSION = 5.0;
				TARGETED_DEVICE_FAMILY = "1,2";
			};
			name = Release;
		};
		4F36E21C2B6768A5007E8BF5 /* Debug */ = {
			isa = XCBuildConfiguration;
			buildSettings = {
				ALWAYS_EMBED_SWIFT_STANDARD_LIBRARIES = YES;
				BUNDLE_LOADER = "$(TEST_HOST)";
				CODE_SIGN_STYLE = Automatic;
				CURRENT_PROJECT_VERSION = 1;
				DEVELOPMENT_TEAM = 2T6UBFU4GQ;
				GENERATE_INFOPLIST_FILE = YES;
				IPHONEOS_DEPLOYMENT_TARGET = 16.1;
				MARKETING_VERSION = 1.0;
				PRODUCT_BUNDLE_IDENTIFIER = "com.cjayme.Dice-iOS13Tests";
				PRODUCT_NAME = "$(TARGET_NAME)";
				SWIFT_EMIT_LOC_STRINGS = NO;
				SWIFT_VERSION = 5.0;
				TARGETED_DEVICE_FAMILY = "1,2";
				TEST_HOST = "$(BUILT_PRODUCTS_DIR)/Dice-iOS13.app/$(BUNDLE_EXECUTABLE_FOLDER_PATH)/Dice-iOS13";
			};
			name = Debug;
		};
		4F36E21D2B6768A5007E8BF5 /* Release */ = {
			isa = XCBuildConfiguration;
			buildSettings = {
				ALWAYS_EMBED_SWIFT_STANDARD_LIBRARIES = YES;
				BUNDLE_LOADER = "$(TEST_HOST)";
				CODE_SIGN_STYLE = Automatic;
				CURRENT_PROJECT_VERSION = 1;
				DEVELOPMENT_TEAM = 2T6UBFU4GQ;
				GENERATE_INFOPLIST_FILE = YES;
				IPHONEOS_DEPLOYMENT_TARGET = 16.1;
				MARKETING_VERSION = 1.0;
				PRODUCT_BUNDLE_IDENTIFIER = "com.cjayme.Dice-iOS13Tests";
				PRODUCT_NAME = "$(TARGET_NAME)";
				SWIFT_EMIT_LOC_STRINGS = NO;
				SWIFT_VERSION = 5.0;
				TARGETED_DEVICE_FAMILY = "1,2";
				TEST_HOST = "$(BUILT_PRODUCTS_DIR)/Dice-iOS13.app/$(BUNDLE_EXECUTABLE_FOLDER_PATH)/Dice-iOS13";
			};
			name = Release;
		};
		4F36E21F2B6768A5007E8BF5 /* Debug */ = {
			isa = XCBuildConfiguration;
			buildSettings = {
				ALWAYS_EMBED_SWIFT_STANDARD_LIBRARIES = YES;
				CODE_SIGN_STYLE = Automatic;
				CURRENT_PROJECT_VERSION = 1;
				DEVELOPMENT_TEAM = 2T6UBFU4GQ;
				GENERATE_INFOPLIST_FILE = YES;
				MARKETING_VERSION = 1.0;
				PRODUCT_BUNDLE_IDENTIFIER = "com.cjayme.Dice-iOS13UITests";
				PRODUCT_NAME = "$(TARGET_NAME)";
				SWIFT_EMIT_LOC_STRINGS = NO;
				SWIFT_VERSION = 5.0;
				TARGETED_DEVICE_FAMILY = "1,2";
				TEST_TARGET_NAME = "Dice-iOS13";
			};
			name = Debug;
		};
		4F36E2202B6768A5007E8BF5 /* Release */ = {
			isa = XCBuildConfiguration;
			buildSettings = {
				ALWAYS_EMBED_SWIFT_STANDARD_LIBRARIES = YES;
				CODE_SIGN_STYLE = Automatic;
				CURRENT_PROJECT_VERSION = 1;
				DEVELOPMENT_TEAM = 2T6UBFU4GQ;
				GENERATE_INFOPLIST_FILE = YES;
				MARKETING_VERSION = 1.0;
				PRODUCT_BUNDLE_IDENTIFIER = "com.cjayme.Dice-iOS13UITests";
				PRODUCT_NAME = "$(TARGET_NAME)";
				SWIFT_EMIT_LOC_STRINGS = NO;
				SWIFT_VERSION = 5.0;
				TARGETED_DEVICE_FAMILY = "1,2";
				TEST_TARGET_NAME = "Dice-iOS13";
			};
			name = Release;
		};
/* End XCBuildConfiguration section */

/* Begin XCConfigurationList section */
		4F36E1E92B6768A4007E8BF5 /* Build configuration list for PBXProject "Dice-iOS13" */ = {
			isa = XCConfigurationList;
			buildConfigurations = (
				4F36E2162B6768A5007E8BF5 /* Debug */,
				4F36E2172B6768A5007E8BF5 /* Release */,
			);
			defaultConfigurationIsVisible = 0;
			defaultConfigurationName = Release;
		};
		4F36E2182B6768A5007E8BF5 /* Build configuration list for PBXNativeTarget "Dice-iOS13" */ = {
			isa = XCConfigurationList;
			buildConfigurations = (
				4F36E2192B6768A5007E8BF5 /* Debug */,
				4F36E21A2B6768A5007E8BF5 /* Release */,
			);
			defaultConfigurationIsVisible = 0;
			defaultConfigurationName = Release;
		};
		4F36E21B2B6768A5007E8BF5 /* Build configuration list for PBXNativeTarget "Dice-iOS13Tests" */ = {
			isa = XCConfigurationList;
			buildConfigurations = (
				4F36E21C2B6768A5007E8BF5 /* Debug */,
				4F36E21D2B6768A5007E8BF5 /* Release */,
			);
			defaultConfigurationIsVisible = 0;
			defaultConfigurationName = Release;
		};
		4F36E21E2B6768A5007E8BF5 /* Build configuration list for PBXNativeTarget "Dice-iOS13UITests" */ = {
			isa = XCConfigurationList;
			buildConfigurations = (
				4F36E21F2B6768A5007E8BF5 /* Debug */,
				4F36E2202B6768A5007E8BF5 /* Release */,
			);
			defaultConfigurationIsVisible = 0;
			defaultConfigurationName = Release;
		};
/* End XCConfigurationList section */
	};
	rootObject = 4F36E1E62B6768A4007E8BF5 /* Project object */;
}
